
Microsoft Visual Studio Solution File, Format Version 12.00
# Visual Studio 15
VisualStudioVersion = 15.0.28307.645
MinimumVisualStudioVersion = 10.0.40219.1
Project("{2150E333-8FDC-42A3-9474-1A3956D46DE8}") = "Microservices", "Microservices", "{6C3B5330-0114-4080-9B59-FF9604B77608}"
EndProject
Project("{2150E333-8FDC-42A3-9474-1A3956D46DE8}") = "Domain", "Domain", "{31D0C137-A396-46DE-9E77-FF3FB082AF6E}"
EndProject
Project("{2150E333-8FDC-42A3-9474-1A3956D46DE8}") = "Infra.Bus", "Infra.Bus", "{D5B85E5B-061C-4E2F-BE50-09A338589E04}"
EndProject
Project("{2150E333-8FDC-42A3-9474-1A3956D46DE8}") = "Infra.IoC", "Infra.IoC", "{C133D23A-5CEF-413D-802E-348CE62809C7}"
EndProject
Project("{2150E333-8FDC-42A3-9474-1A3956D46DE8}") = "Presentation", "Presentation", "{F45A3FB5-734D-4FBB-AF48-8AE23B9D66DB}"
EndProject
Project("{9A19103F-16F7-4668-BE54-9A1E7A4F7556}") = "MicroRabbit.Domain.Core", "MicroRabbit.Domain.Core\MicroRabbit.Domain.Core.csproj", "{1F375932-C126-43F6-AE27-57DDA77C7452}"
EndProject
Project("{FAE04EC0-301F-11D3-BF4B-00C04F79EFBC}") = "MicroRabbit.Infra.Bus", "MicroRabbit.Infra.Bus\MicroRabbit.Infra.Bus.csproj", "{ECF913A2-71D0-412B-8A2E-249062AB6E05}"
EndProject
Project("{FAE04EC0-301F-11D3-BF4B-00C04F79EFBC}") = "MicroRabbit.Infra.IoC", "MicroRabbit.Infra.IoC\MicroRabbit.Infra.IoC.csproj", "{E0E415FB-53B7-48AE-A577-D9C8F04A0ED9}"
EndProject
Project("{2150E333-8FDC-42A3-9474-1A3956D46DE8}") = "Banking", "Banking", "{60CDCFDF-A6B1-4C98-B040-9A46FA6CF7E5}"
EndProject
Project("{2150E333-8FDC-42A3-9474-1A3956D46DE8}") = "Api", "Api", "{33E92179-7078-4467-BE8A-E8F94DA3CF09}"
EndProject
Project("{2150E333-8FDC-42A3-9474-1A3956D46DE8}") = "Domain", "Domain", "{A9C7BC44-930B-4A99-B1E1-E607F22F03BA}"
EndProject
Project("{2150E333-8FDC-42A3-9474-1A3956D46DE8}") = "Application", "Application", "{7B617E88-DCA7-49EF-B218-C360490D630E}"
EndProject
Project("{2150E333-8FDC-42A3-9474-1A3956D46DE8}") = "Data", "Data", "{FB7B5BA6-D004-4DAC-AD05-7B6702641CF8}"
EndProject
Project("{FAE04EC0-301F-11D3-BF4B-00C04F79EFBC}") = "MicroRabbit.Banking.Api", "MicroRabbit.Banking.Api\MicroRabbit.Banking.Api.csproj", "{1F9F46E0-F9C5-42C9-97F3-7D816C33DACE}"
EndProject
Project("{FAE04EC0-301F-11D3-BF4B-00C04F79EFBC}") = "MicroRabbit.Banking.Application", "MicroRabbit.Banking.Application\MicroRabbit.Banking.Application.csproj", "{5A9BF555-75F4-41C9-A7F3-F23D748E5023}"
EndProject
Project("{FAE04EC0-301F-11D3-BF4B-00C04F79EFBC}") = "MicroRabbit.Banking.Data", "MicroRabbit.Banking.Data\MicroRabbit.Banking.Data.csproj", "{714491A5-8978-4913-83E3-1B54AF2D26B7}"
EndProject
Project("{FAE04EC0-301F-11D3-BF4B-00C04F79EFBC}") = "MicroRabbit.Banking.Domain", "MicroRabbit.Banking.Domain\MicroRabbit.Banking.Domain.csproj", "{040031F9-F311-43DC-838A-3B3F9B88FE25}"
EndProject
Global
	GlobalSection(SolutionConfigurationPlatforms) = preSolution
		Debug|Any CPU = Debug|Any CPU
		Release|Any CPU = Release|Any CPU
	EndGlobalSection
	GlobalSection(ProjectConfigurationPlatforms) = postSolution
		{1F375932-C126-43F6-AE27-57DDA77C7452}.Debug|Any CPU.ActiveCfg = Debug|Any CPU
		{1F375932-C126-43F6-AE27-57DDA77C7452}.Debug|Any CPU.Build.0 = Debug|Any CPU
		{1F375932-C126-43F6-AE27-57DDA77C7452}.Release|Any CPU.ActiveCfg = Release|Any CPU
		{1F375932-C126-43F6-AE27-57DDA77C7452}.Release|Any CPU.Build.0 = Release|Any CPU
		{ECF913A2-71D0-412B-8A2E-249062AB6E05}.Debug|Any CPU.ActiveCfg = Debug|Any CPU
		{ECF913A2-71D0-412B-8A2E-249062AB6E05}.Debug|Any CPU.Build.0 = Debug|Any CPU
		{ECF913A2-71D0-412B-8A2E-249062AB6E05}.Release|Any CPU.ActiveCfg = Release|Any CPU
		{ECF913A2-71D0-412B-8A2E-249062AB6E05}.Release|Any CPU.Build.0 = Release|Any CPU
		{E0E415FB-53B7-48AE-A577-D9C8F04A0ED9}.Debug|Any CPU.ActiveCfg = Debug|Any CPU
		{E0E415FB-53B7-48AE-A577-D9C8F04A0ED9}.Debug|Any CPU.Build.0 = Debug|Any CPU
		{E0E415FB-53B7-48AE-A577-D9C8F04A0ED9}.Release|Any CPU.ActiveCfg = Release|Any CPU
		{E0E415FB-53B7-48AE-A577-D9C8F04A0ED9}.Release|Any CPU.Build.0 = Release|Any CPU
		{1F9F46E0-F9C5-42C9-97F3-7D816C33DACE}.Debug|Any CPU.ActiveCfg = Debug|Any CPU
		{1F9F46E0-F9C5-42C9-97F3-7D816C33DACE}.Debug|Any CPU.Build.0 = Debug|Any CPU
		{1F9F46E0-F9C5-42C9-97F3-7D816C33DACE}.Release|Any CPU.ActiveCfg = Release|Any CPU
		{1F9F46E0-F9C5-42C9-97F3-7D816C33DACE}.Release|Any CPU.Build.0 = Release|Any CPU
		{5A9BF555-75F4-41C9-A7F3-F23D748E5023}.Debug|Any CPU.ActiveCfg = Debug|Any CPU
		{5A9BF555-75F4-41C9-A7F3-F23D748E5023}.Debug|Any CPU.Build.0 = Debug|Any CPU
		{5A9BF555-75F4-41C9-A7F3-F23D748E5023}.Release|Any CPU.ActiveCfg = Release|Any CPU
		{5A9BF555-75F4-41C9-A7F3-F23D748E5023}.Release|Any CPU.Build.0 = Release|Any CPU
		{714491A5-8978-4913-83E3-1B54AF2D26B7}.Debug|Any CPU.ActiveCfg = Debug|Any CPU
		{714491A5-8978-4913-83E3-1B54AF2D26B7}.Debug|Any CPU.Build.0 = Debug|Any CPU
		{714491A5-8978-4913-83E3-1B54AF2D26B7}.Release|Any CPU.ActiveCfg = Release|Any CPU
		{714491A5-8978-4913-83E3-1B54AF2D26B7}.Release|Any CPU.Build.0 = Release|Any CPU
		{040031F9-F311-43DC-838A-3B3F9B88FE25}.Debug|Any CPU.ActiveCfg = Debug|Any CPU
		{040031F9-F311-43DC-838A-3B3F9B88FE25}.Debug|Any CPU.Build.0 = Debug|Any CPU
		{040031F9-F311-43DC-838A-3B3F9B88FE25}.Release|Any CPU.ActiveCfg = Release|Any CPU
		{040031F9-F311-43DC-838A-3B3F9B88FE25}.Release|Any CPU.Build.0 = Release|Any CPU
	EndGlobalSection
	GlobalSection(SolutionProperties) = preSolution
		HideSolutionNode = FALSE
	EndGlobalSection
	GlobalSection(NestedProjects) = preSolution
		{1F375932-C126-43F6-AE27-57DDA77C7452} = {31D0C137-A396-46DE-9E77-FF3FB082AF6E}
		{ECF913A2-71D0-412B-8A2E-249062AB6E05} = {D5B85E5B-061C-4E2F-BE50-09A338589E04}
		{E0E415FB-53B7-48AE-A577-D9C8F04A0ED9} = {C133D23A-5CEF-413D-802E-348CE62809C7}
		{60CDCFDF-A6B1-4C98-B040-9A46FA6CF7E5} = {6C3B5330-0114-4080-9B59-FF9604B77608}
		{33E92179-7078-4467-BE8A-E8F94DA3CF09} = {60CDCFDF-A6B1-4C98-B040-9A46FA6CF7E5}
		{A9C7BC44-930B-4A99-B1E1-E607F22F03BA} = {60CDCFDF-A6B1-4C98-B040-9A46FA6CF7E5}
		{7B617E88-DCA7-49EF-B218-C360490D630E} = {60CDCFDF-A6B1-4C98-B040-9A46FA6CF7E5}
		{FB7B5BA6-D004-4DAC-AD05-7B6702641CF8} = {60CDCFDF-A6B1-4C98-B040-9A46FA6CF7E5}
		{1F9F46E0-F9C5-42C9-97F3-7D816C33DACE} = {33E92179-7078-4467-BE8A-E8F94DA3CF09}
		{5A9BF555-75F4-41C9-A7F3-F23D748E5023} = {7B617E88-DCA7-49EF-B218-C360490D630E}
		{714491A5-8978-4913-83E3-1B54AF2D26B7} = {FB7B5BA6-D004-4DAC-AD05-7B6702641CF8}
		{040031F9-F311-43DC-838A-3B3F9B88FE25} = {A9C7BC44-930B-4A99-B1E1-E607F22F03BA}
	EndGlobalSection
	GlobalSection(ExtensibilityGlobals) = postSolution
		SolutionGuid = {681F67F0-2DC1-4D60-A86D-77717DFAAF16}
	EndGlobalSection
EndGlobal
